
Microsoft Visual Studio Solution File, Format Version 12.00
# Visual Studio Version 16
VisualStudioVersion = 16.0.29728.190
MinimumVisualStudioVersion = 10.0.40219.1
Project("{FAE04EC0-301F-11D3-BF4B-00C04F79EFBC}") = "Business", "Business\Business.csproj", "{010BE811-44B4-4479-9FE8-8E7A379DE3AC}"
EndProject
Project("{FAE04EC0-301F-11D3-BF4B-00C04F79EFBC}") = "DataAccess", "DataAccess\DataAccess.csproj", "{AC12A38E-2A11-4E24-9679-04786D6372CB}"
EndProject
Project("{FAE04EC0-301F-11D3-BF4B-00C04F79EFBC}") = "Entities", "Entities\Entities.csproj", "{1A0A7193-692C-4F00-880B-83118F2D8E80}"
EndProject
Project("{FAE04EC0-301F-11D3-BF4B-00C04F79EFBC}") = "ConsoleUI", "ConsoleUI\ConsoleUI.csproj", "{D523780E-E0AC-4C41-B877-A762D6B631DC}"
EndProject
Global
	GlobalSection(SolutionConfigurationPlatforms) = preSolution
		Debug|Any CPU = Debug|Any CPU
		Release|Any CPU = Release|Any CPU
	EndGlobalSection
	GlobalSection(ProjectConfigurationPlatforms) = postSolution
		{010BE811-44B4-4479-9FE8-8E7A379DE3AC}.Debug|Any CPU.ActiveCfg = Debug|Any CPU
		{010BE811-44B4-4479-9FE8-8E7A379DE3AC}.Debug|Any CPU.Build.0 = Debug|Any CPU
		{010BE811-44B4-4479-9FE8-8E7A379DE3AC}.Release|Any CPU.ActiveCfg = Release|Any CPU
		{010BE811-44B4-4479-9FE8-8E7A379DE3AC}.Release|Any CPU.Build.0 = Release|Any CPU
		{AC12A38E-2A11-4E24-9679-04786D6372CB}.Debug|Any CPU.ActiveCfg = Debug|Any CPU
		{AC12A38E-2A11-4E24-9679-04786D6372CB}.Debug|Any CPU.Build.0 = Debug|Any CPU
		{AC12A38E-2A11-4E24-9679-04786D6372CB}.Release|Any CPU.ActiveCfg = Release|Any CPU
		{AC12A38E-2A11-4E24-9679-04786D6372CB}.Release|Any CPU.Build.0 = Release|Any CPU
		{1A0A7193-692C-4F00-880B-83118F2D8E80}.Debug|Any CPU.ActiveCfg = Debug|Any CPU
		{1A0A7193-692C-4F00-880B-83118F2D8E80}.Debug|Any CPU.Build.0 = Debug|Any CPU
		{1A0A7193-692C-4F00-880B-83118F2D8E80}.Release|Any CPU.ActiveCfg = Release|Any CPU
		{1A0A7193-692C-4F00-880B-83118F2D8E80}.Release|Any CPU.Build.0 = Release|Any CPU
		{D523780E-E0AC-4C41-B877-A762D6B631DC}.Debug|Any CPU.ActiveCfg = Debug|Any CPU
		{D523780E-E0AC-4C41-B877-A762D6B631DC}.Debug|Any CPU.Build.0 = Debug|Any CPU
		{D523780E-E0AC-4C41-B877-A762D6B631DC}.Release|Any CPU.ActiveCfg = Release|Any CPU
		{D523780E-E0AC-4C41-B877-A762D6B631DC}.Release|Any CPU.Build.0 = Release|Any CPU
	EndGlobalSection
	GlobalSection(SolutionProperties) = preSolution
		HideSolutionNode = FALSE
	EndGlobalSection
	GlobalSection(ExtensibilityGlobals) = postSolution
		SolutionGuid = {3B115023-1166-413F-A26B-36D6A3EFDCF0}
	EndGlobalSection
EndGlobal
